<?xml version="1.0" encoding="utf-8"?>
<Project ToolsVersion="4.0" xmlns="http://schemas.microsoft.com/developer/msbuild/2003">
  <ItemGroup>
    <Filter Include="Source Files">
      <UniqueIdentifier>{4FC737F1-C7A5-4376-A066-2A32D752A2FF}</UniqueIdentifier>
      <Extensions>cpp;c;cc;cxx;c++;cppm;ixx;def;odl;idl;hpj;bat;asm;asmx</Extensions>
    </Filter>
    <Filter Include="Header Files">
      <UniqueIdentifier>{93995380-89BD-4b04-88EB-625FBE52EBFB}</UniqueIdentifier>
      <Extensions>h;hh;hpp;hxx;h++;hm;inl;inc;ipp;xsd</Extensions>
    </Filter>
    <Filter Include="Resource Files">
      <UniqueIdentifier>{67DA6AB6-F800-4c08-8B7A-83BB121AAD01}</UniqueIdentifier>
      <Extensions>rc;ico;cur;bmp;dlg;rc2;rct;bin;rgs;gif;jpg;jpeg;jpe;resx;tiff;tif;png;wav;mfcribbon-ms</Extensions>
    </Filter>
    <Filter Include="Header Files\crypto">
      <UniqueIdentifier>{3adac168-72ef-429f-886c-e065115ac1de}</UniqueIdentifier>
    </Filter>
    <Filter Include="Source Files\crypto">
      <UniqueIdentifier>{a3421bc1-e332-425c-ab99-6189e432fb97}</UniqueIdentifier>
    </Filter>
    <Filter Include="Header Files\conversion">
      <UniqueIdentifier>{a8921b03-4b07-4a1e-96a3-d76d86458fb6}</UniqueIdentifier>
    </Filter>
    <Filter Include="Source Files\conversion">
      <UniqueIdentifier>{d3e852b4-349b-43a4-8645-5795f7d3d453}</UniqueIdentifier>
    </Filter>
  </ItemGroup>
  <ItemGroup>
    <ClCompile Include="clr_conversion.cpp">
      <Filter>Source Files\conversion</Filter>
    </ClCompile>
    <ClCompile Include="crypto_rsa.cpp">
      <Filter>Source Files\crypto</Filter>
    </ClCompile>
  </ItemGroup>
  <ItemGroup>
    <ClInclude Include="crypto_rsa.h">
      <Filter>Header Files\crypto</Filter>
    </ClInclude>
    <ClInclude Include="clr_conversion.h">
      <Filter>Header Files\conversion</Filter>
    </ClInclude>
    <ClInclude Include="affix_base_clr.h">
      <Filter>Header Files</Filter>
    </ClInclude>
  </ItemGroup>
</Project>