<?xml version="1.0" encoding="utf-8"?>
<Project ToolsVersion="4.0" xmlns="http://schemas.microsoft.com/developer/msbuild/2003">
  <ItemGroup>
    <Filter Include="Source Files">
      <UniqueIdentifier>{4FC737F1-C7A5-4376-A066-2A32D752A2FF}</UniqueIdentifier>
      <Extensions>cpp;c;cc;cxx;c++;cppm;ixx;def;odl;idl;hpj;bat;asm;asmx</Extensions>
    </Filter>
    <Filter Include="Header Files">
      <UniqueIdentifier>{93995380-89BD-4b04-88EB-625FBE52EBFB}</UniqueIdentifier>
      <Extensions>h;hh;hpp;hxx;h++;hm;inl;inc;ipp;xsd</Extensions>
    </Filter>
    <Filter Include="Resource Files">
      <UniqueIdentifier>{67DA6AB6-F800-4c08-8B7A-83BB121AAD01}</UniqueIdentifier>
      <Extensions>rc;ico;cur;bmp;dlg;rc2;rct;bin;rgs;gif;jpg;jpeg;jpe;resx;tiff;tif;png;wav;mfcribbon-ms</Extensions>
    </Filter>
    <Filter Include="Header Files\threading">
      <UniqueIdentifier>{236d53b1-a8b3-4f1c-9491-5491c3295dda}</UniqueIdentifier>
    </Filter>
    <Filter Include="Header Files\sorting">
      <UniqueIdentifier>{7013d948-36b0-4bc5-a4e6-87db8347c309}</UniqueIdentifier>
    </Filter>
    <Filter Include="Header Files\data">
      <UniqueIdentifier>{aeb883c6-8e06-4b1f-aa8f-c86c2f3c6c54}</UniqueIdentifier>
    </Filter>
    <Filter Include="Source Files\data">
      <UniqueIdentifier>{6350650f-82ec-41aa-ac94-6a1e8d28a837}</UniqueIdentifier>
    </Filter>
    <Filter Include="Source Files\callback">
      <UniqueIdentifier>{eb4d68bc-35a9-4450-87ad-ead49ced8893}</UniqueIdentifier>
    </Filter>
    <Filter Include="Source Files\sorting">
      <UniqueIdentifier>{be4f1728-faf0-469b-8fa3-3fce08eeeb07}</UniqueIdentifier>
    </Filter>
    <Filter Include="Source Files\threading">
      <UniqueIdentifier>{28a914f0-60c3-4901-a289-823f16b6f613}</UniqueIdentifier>
    </Filter>
    <Filter Include="Header Files\logging">
      <UniqueIdentifier>{0e1f1c04-2c3f-4210-8b78-ceec3819bc5f}</UniqueIdentifier>
    </Filter>
    <Filter Include="Source Files\logging">
      <UniqueIdentifier>{debf2c03-5d8d-481e-a681-bfcde49f96f1}</UniqueIdentifier>
    </Filter>
    <Filter Include="Header Files\enums">
      <UniqueIdentifier>{5e663192-750a-4f61-ba6f-9b0c0c7c0a6e}</UniqueIdentifier>
    </Filter>
    <Filter Include="Source Files\enums">
      <UniqueIdentifier>{38a4743c-2578-44d0-bc8e-5b9e3615c627}</UniqueIdentifier>
    </Filter>
    <Filter Include="Header Files\callback">
      <UniqueIdentifier>{26c5b680-9034-4eb6-b932-e6192cdfdfb6}</UniqueIdentifier>
    </Filter>
    <Filter Include="Header Files\networking">
      <UniqueIdentifier>{ff56e433-c588-41c8-8eb6-e3fc4401ce38}</UniqueIdentifier>
    </Filter>
    <Filter Include="Header Files\cryptography">
      <UniqueIdentifier>{37fee7c2-c4bd-47f6-9318-09a99e081664}</UniqueIdentifier>
    </Filter>
    <Filter Include="Header Files\timing">
      <UniqueIdentifier>{4e3bc857-439a-4e37-bcc0-492a3d75597b}</UniqueIdentifier>
    </Filter>
    <Filter Include="Source Files\networking">
      <UniqueIdentifier>{574f3153-bc19-4c35-8bd9-14a1902b9e65}</UniqueIdentifier>
    </Filter>
    <Filter Include="Source Files\cryptography">
      <UniqueIdentifier>{a6dfd3d7-a496-4d2b-8e5d-439cdf39c45e}</UniqueIdentifier>
    </Filter>
    <Filter Include="Header Files\exceptions">
      <UniqueIdentifier>{fe8caadd-0c06-4169-91a8-69087157181e}</UniqueIdentifier>
    </Filter>
    <Filter Include="Header Files\details">
      <UniqueIdentifier>{9f25385d-c105-4c38-8211-474608348b19}</UniqueIdentifier>
    </Filter>
    <Filter Include="Source Files\timing">
      <UniqueIdentifier>{172d30cd-e9b6-4ed3-8e33-40990138b8ab}</UniqueIdentifier>
    </Filter>
  </ItemGroup>
  <ItemGroup>
    <ClCompile Include="persistent_thread_group.cpp">
      <Filter>Source Files\threading</Filter>
    </ClCompile>
    <ClCompile Include="persistent_thread.cpp">
      <Filter>Source Files\threading</Filter>
    </ClCompile>
    <ClCompile Include="log_result.cpp">
      <Filter>Source Files\logging</Filter>
    </ClCompile>
    <ClCompile Include="severity.h">
      <Filter>Header Files\enums</Filter>
    </ClCompile>
    <ClCompile Include="severity.cpp">
      <Filter>Source Files\enums</Filter>
    </ClCompile>
    <ClCompile Include="pch.cpp">
      <Filter>Source Files</Filter>
    </ClCompile>
    <ClCompile Include="ptr.cpp">
      <Filter>Source Files\data</Filter>
    </ClCompile>
    <ClCompile Include="builder.cpp">
      <Filter>Source Files\data</Filter>
    </ClCompile>
    <ClCompile Include="nat.cpp">
      <Filter>Source Files\networking</Filter>
    </ClCompile>
    <ClCompile Include="transmission.cpp">
      <Filter>Source Files\networking</Filter>
    </ClCompile>
    <ClCompile Include="rsa.cpp">
      <Filter>Source Files\cryptography</Filter>
    </ClCompile>
    <ClCompile Include="sha.cpp">
      <Filter>Source Files\data</Filter>
    </ClCompile>
    <ClCompile Include="socket_io_guard.cpp">
      <Filter>Source Files\networking</Filter>
    </ClCompile>
    <ClCompile Include="watch.cpp">
      <Filter>Source Files\callback</Filter>
    </ClCompile>
    <ClCompile Include="aes.cpp">
      <Filter>Source Files\cryptography</Filter>
    </ClCompile>
    <ClCompile Include="stopwatch.cpp">
      <Filter>Source Files\timing</Filter>
    </ClCompile>
    <ClCompile Include="cross_thread_mutex.cpp">
      <Filter>Source Files\threading</Filter>
    </ClCompile>
  </ItemGroup>
  <ItemGroup>
    <ClInclude Include="persistent_thread.h">
      <Filter>Header Files\threading</Filter>
    </ClInclude>
    <ClInclude Include="persistent_thread_group.h">
      <Filter>Header Files\threading</Filter>
    </ClInclude>
    <ClInclude Include="ptr.h">
      <Filter>Header Files\data</Filter>
    </ClInclude>
    <ClInclude Include="log_result.h">
      <Filter>Header Files\logging</Filter>
    </ClInclude>
    <ClInclude Include="affix_base.h">
      <Filter>Header Files</Filter>
    </ClInclude>
    <ClInclude Include="callback.h">
      <Filter>Header Files\callback</Filter>
    </ClInclude>
    <ClInclude Include="data.h">
      <Filter>Header Files\data</Filter>
    </ClInclude>
    <ClInclude Include="logging.h">
      <Filter>Header Files\logging</Filter>
    </ClInclude>
    <ClInclude Include="enums.h">
      <Filter>Header Files\enums</Filter>
    </ClInclude>
    <ClInclude Include="sorting.h">
      <Filter>Header Files\sorting</Filter>
    </ClInclude>
    <ClInclude Include="threading.h">
      <Filter>Header Files\threading</Filter>
    </ClInclude>
    <ClInclude Include="pch.h">
      <Filter>Header Files</Filter>
    </ClInclude>
    <ClInclude Include="ref.h">
      <Filter>Header Files\data</Filter>
    </ClInclude>
    <ClInclude Include="insertion_index.h">
      <Filter>Header Files\sorting</Filter>
    </ClInclude>
    <ClInclude Include="builder.h">
      <Filter>Header Files\data</Filter>
    </ClInclude>
    <ClInclude Include="ts_deque.h">
      <Filter>Header Files\data</Filter>
    </ClInclude>
    <ClInclude Include="rolling_buffer.h">
      <Filter>Header Files\data</Filter>
    </ClInclude>
    <ClInclude Include="vector_extensions.h">
      <Filter>Header Files\data</Filter>
    </ClInclude>
    <ClInclude Include="networking.h">
      <Filter>Header Files\networking</Filter>
    </ClInclude>
    <ClInclude Include="transmission.h">
      <Filter>Header Files\networking</Filter>
    </ClInclude>
    <ClInclude Include="byte_buffer.h">
      <Filter>Header Files\networking</Filter>
    </ClInclude>
    <ClInclude Include="cryptography.h">
      <Filter>Header Files\cryptography</Filter>
    </ClInclude>
    <ClInclude Include="rsa.h">
      <Filter>Header Files\cryptography</Filter>
    </ClInclude>
    <ClInclude Include="utc_time.h">
      <Filter>Header Files\timing</Filter>
    </ClInclude>
    <ClInclude Include="timing.h">
      <Filter>Header Files\timing</Filter>
    </ClInclude>
    <ClInclude Include="nat.h">
      <Filter>Header Files\networking</Filter>
    </ClInclude>
    <ClInclude Include="serialize.h">
      <Filter>Header Files\data</Filter>
    </ClInclude>
    <ClInclude Include="sha.h">
      <Filter>Header Files\data</Filter>
    </ClInclude>
    <ClInclude Include="catch_friendly_assert.h">
      <Filter>Header Files\exceptions</Filter>
    </ClInclude>
    <ClInclude Include="exceptions.h">
      <Filter>Header Files\exceptions</Filter>
    </ClInclude>
    <ClInclude Include="socket_io_guard.h">
      <Filter>Header Files\networking</Filter>
    </ClInclude>
    <ClInclude Include="watch.h">
      <Filter>Header Files\callback</Filter>
    </ClInclude>
    <ClInclude Include="aes.h">
      <Filter>Header Files\cryptography</Filter>
    </ClInclude>
    <ClInclude Include="object.h">
      <Filter>Header Files\data</Filter>
    </ClInclude>
    <ClInclude Include="diff.h">
      <Filter>Header Files\data</Filter>
    </ClInclude>
    <ClInclude Include="details.h">
      <Filter>Header Files\details</Filter>
    </ClInclude>
    <ClInclude Include="semantic_version_number.h">
      <Filter>Header Files\details</Filter>
    </ClInclude>
    <ClInclude Include="stopwatch.h">
      <Filter>Header Files\timing</Filter>
    </ClInclude>
    <ClInclude Include="cross_thread_mutex.h">
      <Filter>Header Files\threading</Filter>
    </ClInclude>
  </ItemGroup>
</Project>